
Microsoft Visual Studio Solution File, Format Version 12.00
# Visual Studio Version 17
VisualStudioVersion = 17.4.33110.190
MinimumVisualStudioVersion = 10.0.40219.1
Project("{FAE04EC0-301F-11D3-BF4B-00C04F79EFBC}") = "Задание37", "Задание37\Задание37.csproj", "{8C382782-C3F4-40E0-89E4-CC4616A2B28C}"
EndProject
Global
	GlobalSection(SolutionConfigurationPlatforms) = preSolution
		Debug|Any CPU = Debug|Any CPU
		Release|Any CPU = Release|Any CPU
	EndGlobalSection
	GlobalSection(ProjectConfigurationPlatforms) = postSolution
		{8C382782-C3F4-40E0-89E4-CC4616A2B28C}.Debug|Any CPU.ActiveCfg = Debug|Any CPU
		{8C382782-C3F4-40E0-89E4-CC4616A2B28C}.Debug|Any CPU.Build.0 = Debug|Any CPU
		{8C382782-C3F4-40E0-89E4-CC4616A2B28C}.Release|Any CPU.ActiveCfg = Release|Any CPU
		{8C382782-C3F4-40E0-89E4-CC4616A2B28C}.Release|Any CPU.Build.0 = Release|Any CPU
	EndGlobalSection
	GlobalSection(SolutionProperties) = preSolution
		HideSolutionNode = FALSE
	EndGlobalSection
	GlobalSection(ExtensibilityGlobals) = postSolution
		SolutionGuid = {2629208F-44B1-4515-BF3C-D6A9E87FD873}
	EndGlobalSection
EndGlobal
