
Microsoft Visual Studio Solution File, Format Version 12.00
# Visual Studio Version 17
VisualStudioVersion = 17.4.33213.308
MinimumVisualStudioVersion = 10.0.40219.1
Project("{FAE04EC0-301F-11D3-BF4B-00C04F79EFBC}") = "Задание66", "Задание66\Задание66.csproj", "{6DAC0403-7198-4D2E-B7FB-E8A8046EE173}"
EndProject
Global
	GlobalSection(SolutionConfigurationPlatforms) = preSolution
		Debug|Any CPU = Debug|Any CPU
		Release|Any CPU = Release|Any CPU
	EndGlobalSection
	GlobalSection(ProjectConfigurationPlatforms) = postSolution
		{6DAC0403-7198-4D2E-B7FB-E8A8046EE173}.Debug|Any CPU.ActiveCfg = Debug|Any CPU
		{6DAC0403-7198-4D2E-B7FB-E8A8046EE173}.Debug|Any CPU.Build.0 = Debug|Any CPU
		{6DAC0403-7198-4D2E-B7FB-E8A8046EE173}.Release|Any CPU.ActiveCfg = Release|Any CPU
		{6DAC0403-7198-4D2E-B7FB-E8A8046EE173}.Release|Any CPU.Build.0 = Release|Any CPU
	EndGlobalSection
	GlobalSection(SolutionProperties) = preSolution
		HideSolutionNode = FALSE
	EndGlobalSection
	GlobalSection(ExtensibilityGlobals) = postSolution
		SolutionGuid = {AD2E6060-E42A-48CF-BFA3-DA8913A21A80}
	EndGlobalSection
EndGlobal
